
Microsoft Visual Studio Solution File, Format Version 12.00
# Visual Studio Version 17
VisualStudioVersion = 17.3.32922.545
MinimumVisualStudioVersion = 10.0.40219.1
Project("{9A19103F-16F7-4668-BE54-9A1E7A4F7556}") = "bnmmoney", "bnmmoney\bnmmoney.csproj", "{E7EC4BBC-6205-4A3B-86F1-817781F09340}"
EndProject
Project("{9A19103F-16F7-4668-BE54-9A1E7A4F7556}") = "bnmmoney_unit_tests", "bnmmoney_unit_tests\bnmmoney_unit_tests.csproj", "{C442C957-67D5-498D-9976-6D56BE5F35E3}"
EndProject
Project("{FAE04EC0-301F-11D3-BF4B-00C04F79EFBC}") = "BnmMoneyIntegrationTests", "BnmMoneyIntegrationTests\BnmMoneyIntegrationTests.csproj", "{2CAFCE6C-E7FB-42EA-B48F-16E13A36A7D7}"
EndProject
Global
	GlobalSection(SolutionConfigurationPlatforms) = preSolution
		Debug|Any CPU = Debug|Any CPU
		Release|Any CPU = Release|Any CPU
	EndGlobalSection
	GlobalSection(ProjectConfigurationPlatforms) = postSolution
		{E7EC4BBC-6205-4A3B-86F1-817781F09340}.Debug|Any CPU.ActiveCfg = Debug|Any CPU
		{E7EC4BBC-6205-4A3B-86F1-817781F09340}.Debug|Any CPU.Build.0 = Debug|Any CPU
		{E7EC4BBC-6205-4A3B-86F1-817781F09340}.Release|Any CPU.ActiveCfg = Release|Any CPU
		{E7EC4BBC-6205-4A3B-86F1-817781F09340}.Release|Any CPU.Build.0 = Release|Any CPU
		{C442C957-67D5-498D-9976-6D56BE5F35E3}.Debug|Any CPU.ActiveCfg = Debug|Any CPU
		{C442C957-67D5-498D-9976-6D56BE5F35E3}.Debug|Any CPU.Build.0 = Debug|Any CPU
		{C442C957-67D5-498D-9976-6D56BE5F35E3}.Release|Any CPU.ActiveCfg = Release|Any CPU
		{C442C957-67D5-498D-9976-6D56BE5F35E3}.Release|Any CPU.Build.0 = Release|Any CPU
		{2CAFCE6C-E7FB-42EA-B48F-16E13A36A7D7}.Debug|Any CPU.ActiveCfg = Debug|Any CPU
		{2CAFCE6C-E7FB-42EA-B48F-16E13A36A7D7}.Debug|Any CPU.Build.0 = Debug|Any CPU
		{2CAFCE6C-E7FB-42EA-B48F-16E13A36A7D7}.Release|Any CPU.ActiveCfg = Release|Any CPU
		{2CAFCE6C-E7FB-42EA-B48F-16E13A36A7D7}.Release|Any CPU.Build.0 = Release|Any CPU
	EndGlobalSection
	GlobalSection(SolutionProperties) = preSolution
		HideSolutionNode = FALSE
	EndGlobalSection
	GlobalSection(ExtensibilityGlobals) = postSolution
		SolutionGuid = {C3A72BAA-5077-4704-9EFB-566488C4FE9D}
	EndGlobalSection
EndGlobal
